
Microsoft Visual Studio Solution File, Format Version 12.00
# Visual Studio Version 17
VisualStudioVersion = 17.8.34330.188
MinimumVisualStudioVersion = 10.0.40219.1
Project("{FAE04EC0-301F-11D3-BF4B-00C04F79EFBC}") = "DockerMicroservice", "DockerMicroservice\DockerMicroservice.csproj", "{167E2943-5025-4871-8F38-A4E4E1C7B566}"
EndProject
Project("{E53339B2-1760-4266-BCC7-CA923CBCF16C}") = "docker-compose", "docker-compose.dcproj", "{73F9729D-8D4C-4C6A-8798-E6F147C764E7}"
EndProject
Global
	GlobalSection(SolutionConfigurationPlatforms) = preSolution
		Debug|Any CPU = Debug|Any CPU
		Release|Any CPU = Release|Any CPU
	EndGlobalSection
	GlobalSection(ProjectConfigurationPlatforms) = postSolution
		{167E2943-5025-4871-8F38-A4E4E1C7B566}.Debug|Any CPU.ActiveCfg = Debug|Any CPU
		{167E2943-5025-4871-8F38-A4E4E1C7B566}.Debug|Any CPU.Build.0 = Debug|Any CPU
		{167E2943-5025-4871-8F38-A4E4E1C7B566}.Release|Any CPU.ActiveCfg = Release|Any CPU
		{167E2943-5025-4871-8F38-A4E4E1C7B566}.Release|Any CPU.Build.0 = Release|Any CPU
		{73F9729D-8D4C-4C6A-8798-E6F147C764E7}.Debug|Any CPU.ActiveCfg = Debug|Any CPU
		{73F9729D-8D4C-4C6A-8798-E6F147C764E7}.Debug|Any CPU.Build.0 = Debug|Any CPU
		{73F9729D-8D4C-4C6A-8798-E6F147C764E7}.Release|Any CPU.ActiveCfg = Release|Any CPU
		{73F9729D-8D4C-4C6A-8798-E6F147C764E7}.Release|Any CPU.Build.0 = Release|Any CPU
	EndGlobalSection
	GlobalSection(SolutionProperties) = preSolution
		HideSolutionNode = FALSE
	EndGlobalSection
	GlobalSection(ExtensibilityGlobals) = postSolution
		SolutionGuid = {B5BE53AB-2EF0-4735-A090-BEB5C8C701A0}
	EndGlobalSection
EndGlobal
